
Microsoft Visual Studio Solution File, Format Version 12.00
# Visual Studio 14
VisualStudioVersion = 14.0.23107.0
MinimumVisualStudioVersion = 10.0.40219.1
Project("{FAE04EC0-301F-11D3-BF4B-00C04F79EFBC}") = "MonikyDochazka", "MonikyDochazka\MonikyDochazka.csproj", "{0DEC7A13-3614-4625-9A44-C72B881A909B}"
EndProject
Global
	GlobalSection(SolutionConfigurationPlatforms) = preSolution
		Debug|Any CPU = Debug|Any CPU
		Release|Any CPU = Release|Any CPU
	EndGlobalSection
	GlobalSection(ProjectConfigurationPlatforms) = postSolution
		{0DEC7A13-3614-4625-9A44-C72B881A909B}.Debug|Any CPU.ActiveCfg = Debug|Any CPU
		{0DEC7A13-3614-4625-9A44-C72B881A909B}.Debug|Any CPU.Build.0 = Debug|Any CPU
		{0DEC7A13-3614-4625-9A44-C72B881A909B}.Release|Any CPU.ActiveCfg = Release|Any CPU
		{0DEC7A13-3614-4625-9A44-C72B881A909B}.Release|Any CPU.Build.0 = Release|Any CPU
	EndGlobalSection
	GlobalSection(SolutionProperties) = preSolution
		HideSolutionNode = FALSE
	EndGlobalSection
EndGlobal
