
Microsoft Visual Studio Solution File, Format Version 12.00
# Visual Studio 2012
Project("{FAE04EC0-301F-11D3-BF4B-00C04F79EFBC}") = "AdventCalendar", "AdventCalendar\AdventCalendar.csproj", "{C72820BA-4A0F-4EEC-8AFF-55AF6C93B6E4}"
EndProject
Project("{FAE04EC0-301F-11D3-BF4B-00C04F79EFBC}") = "AdventCalendarTest", "AdventCalendarTest\AdventCalendarTest.csproj", "{CE1D6220-6F7F-44FC-A13A-7C0CC13ACCEA}"
EndProject
Global
	GlobalSection(SolutionConfigurationPlatforms) = preSolution
		Debug|Any CPU = Debug|Any CPU
		Release|Any CPU = Release|Any CPU
	EndGlobalSection
	GlobalSection(ProjectConfigurationPlatforms) = postSolution
		{C72820BA-4A0F-4EEC-8AFF-55AF6C93B6E4}.Debug|Any CPU.ActiveCfg = Debug|Any CPU
		{C72820BA-4A0F-4EEC-8AFF-55AF6C93B6E4}.Debug|Any CPU.Build.0 = Debug|Any CPU
		{C72820BA-4A0F-4EEC-8AFF-55AF6C93B6E4}.Release|Any CPU.ActiveCfg = Release|Any CPU
		{C72820BA-4A0F-4EEC-8AFF-55AF6C93B6E4}.Release|Any CPU.Build.0 = Release|Any CPU
		{CE1D6220-6F7F-44FC-A13A-7C0CC13ACCEA}.Debug|Any CPU.ActiveCfg = Debug|Any CPU
		{CE1D6220-6F7F-44FC-A13A-7C0CC13ACCEA}.Debug|Any CPU.Build.0 = Debug|Any CPU
		{CE1D6220-6F7F-44FC-A13A-7C0CC13ACCEA}.Release|Any CPU.ActiveCfg = Release|Any CPU
		{CE1D6220-6F7F-44FC-A13A-7C0CC13ACCEA}.Release|Any CPU.Build.0 = Release|Any CPU
	EndGlobalSection
	GlobalSection(SolutionProperties) = preSolution
		HideSolutionNode = FALSE
	EndGlobalSection
EndGlobal
